// !$*UTF8*$!
{
	archiveVersion = 1;
	classes = {
	};
	objectVersion = 55;
	objects = {

/* Begin PBXBuildFile section */
		5EA9194928341DAF007AAAB0 /* libraryAppApp.swift in Sources */ = {isa = PBXBuildFile; fileRef = 5EA9194828341DAF007AAAB0 /* libraryAppApp.swift */; };
		5EA9194B28341DAF007AAAB0 /* ContentView.swift in Sources */ = {isa = PBXBuildFile; fileRef = 5EA9194A28341DAF007AAAB0 /* ContentView.swift */; };
		5EA9194D28341DB1007AAAB0 /* Assets.xcassets in Resources */ = {isa = PBXBuildFile; fileRef = 5EA9194C28341DB1007AAAB0 /* Assets.xcassets */; };
		5EA9195028341DB1007AAAB0 /* Preview Assets.xcassets in Resources */ = {isa = PBXBuildFile; fileRef = 5EA9194F28341DB1007AAAB0 /* Preview Assets.xcassets */; };
		5EA9195A28341DB1007AAAB0 /* libraryAppTests.swift in Sources */ = {isa = PBXBuildFile; fileRef = 5EA9195928341DB1007AAAB0 /* libraryAppTests.swift */; };
		5EA9196428341DB1007AAAB0 /* libraryAppUITests.swift in Sources */ = {isa = PBXBuildFile; fileRef = 5EA9196328341DB1007AAAB0 /* libraryAppUITests.swift */; };
		5EA9196628341DB1007AAAB0 /* libraryAppUITestsLaunchTests.swift in Sources */ = {isa = PBXBuildFile; fileRef = 5EA9196528341DB1007AAAB0 /* libraryAppUITestsLaunchTests.swift */; };
		5EA91974283429F8007AAAB0 /* HomeView.swift in Sources */ = {isa = PBXBuildFile; fileRef = 5EA91973283429F8007AAAB0 /* HomeView.swift */; };
		5EA919762836BD69007AAAB0 /* LoginView.swift in Sources */ = {isa = PBXBuildFile; fileRef = 5EA919752836BD69007AAAB0 /* LoginView.swift */; };
		5EA919792836ED33007AAAB0 /* LoginViewModel.swift in Sources */ = {isa = PBXBuildFile; fileRef = 5EA919782836ED33007AAAB0 /* LoginViewModel.swift */; };
		5EA9197C2836F389007AAAB0 /* FirebaseAuth in Frameworks */ = {isa = PBXBuildFile; productRef = 5EA9197B2836F389007AAAB0 /* FirebaseAuth */; };
		5EA9197E2836F389007AAAB0 /* FirebaseDatabase in Frameworks */ = {isa = PBXBuildFile; productRef = 5EA9197D2836F389007AAAB0 /* FirebaseDatabase */; };
		5EA919802836F389007AAAB0 /* FirebaseFirestore in Frameworks */ = {isa = PBXBuildFile; productRef = 5EA9197F2836F389007AAAB0 /* FirebaseFirestore */; };
		5EA919822836F389007AAAB0 /* FirebaseFirestoreSwift in Frameworks */ = {isa = PBXBuildFile; productRef = 5EA919812836F389007AAAB0 /* FirebaseFirestoreSwift */; };
/* End PBXBuildFile section */

/* Begin PBXContainerItemProxy section */
		5EA9195628341DB1007AAAB0 /* PBXContainerItemProxy */ = {
			isa = PBXContainerItemProxy;
			containerPortal = 5EA9193D28341DAF007AAAB0 /* Project object */;
			proxyType = 1;
			remoteGlobalIDString = 5EA9194428341DAF007AAAB0;
			remoteInfo = libraryApp;
		};
		5EA9196028341DB1007AAAB0 /* PBXContainerItemProxy */ = {
			isa = PBXContainerItemProxy;
			containerPortal = 5EA9193D28341DAF007AAAB0 /* Project object */;
			proxyType = 1;
			remoteGlobalIDString = 5EA9194428341DAF007AAAB0;
			remoteInfo = libraryApp;
		};
/* End PBXContainerItemProxy section */

/* Begin PBXFileReference section */
		5EA9194528341DAF007AAAB0 /* libraryApp.app */ = {isa = PBXFileReference; explicitFileType = wrapper.application; includeInIndex = 0; path = libraryApp.app; sourceTree = BUILT_PRODUCTS_DIR; };
		5EA9194828341DAF007AAAB0 /* libraryAppApp.swift */ = {isa = PBXFileReference; lastKnownFileType = sourcecode.swift; path = libraryAppApp.swift; sourceTree = "<group>"; };
		5EA9194A28341DAF007AAAB0 /* ContentView.swift */ = {isa = PBXFileReference; lastKnownFileType = sourcecode.swift; path = ContentView.swift; sourceTree = "<group>"; };
		5EA9194C28341DB1007AAAB0 /* Assets.xcassets */ = {isa = PBXFileReference; lastKnownFileType = folder.assetcatalog; path = Assets.xcassets; sourceTree = "<group>"; };
		5EA9194F28341DB1007AAAB0 /* Preview Assets.xcassets */ = {isa = PBXFileReference; lastKnownFileType = folder.assetcatalog; path = "Preview Assets.xcassets"; sourceTree = "<group>"; };
		5EA9195528341DB1007AAAB0 /* libraryAppTests.xctest */ = {isa = PBXFileReference; explicitFileType = wrapper.cfbundle; includeInIndex = 0; path = libraryAppTests.xctest; sourceTree = BUILT_PRODUCTS_DIR; };
		5EA9195928341DB1007AAAB0 /* libraryAppTests.swift */ = {isa = PBXFileReference; lastKnownFileType = sourcecode.swift; path = libraryAppTests.swift; sourceTree = "<group>"; };
		5EA9195F28341DB1007AAAB0 /* libraryAppUITests.xctest */ = {isa = PBXFileReference; explicitFileType = wrapper.cfbundle; includeInIndex = 0; path = libraryAppUITests.xctest; sourceTree = BUILT_PRODUCTS_DIR; };
		5EA9196328341DB1007AAAB0 /* libraryAppUITests.swift */ = {isa = PBXFileReference; lastKnownFileType = sourcecode.swift; path = libraryAppUITests.swift; sourceTree = "<group>"; };
		5EA9196528341DB1007AAAB0 /* libraryAppUITestsLaunchTests.swift */ = {isa = PBXFileReference; lastKnownFileType = sourcecode.swift; path = libraryAppUITestsLaunchTests.swift; sourceTree = "<group>"; };
		5EA91973283429F8007AAAB0 /* HomeView.swift */ = {isa = PBXFileReference; lastKnownFileType = sourcecode.swift; path = HomeView.swift; sourceTree = "<group>"; };
		5EA919752836BD69007AAAB0 /* LoginView.swift */ = {isa = PBXFileReference; lastKnownFileType = sourcecode.swift; path = LoginView.swift; sourceTree = "<group>"; };
		5EA919782836ED33007AAAB0 /* LoginViewModel.swift */ = {isa = PBXFileReference; lastKnownFileType = sourcecode.swift; path = LoginViewModel.swift; sourceTree = "<group>"; };
/* End PBXFileReference section */

/* Begin PBXFrameworksBuildPhase section */
		5EA9194228341DAF007AAAB0 /* Frameworks */ = {
			isa = PBXFrameworksBuildPhase;
			buildActionMask = 2147483647;
			files = (
				5EA9197E2836F389007AAAB0 /* FirebaseDatabase in Frameworks */,
				5EA9197C2836F389007AAAB0 /* FirebaseAuth in Frameworks */,
				5EA919802836F389007AAAB0 /* FirebaseFirestore in Frameworks */,
				5EA919822836F389007AAAB0 /* FirebaseFirestoreSwift in Frameworks */,
			);
			runOnlyForDeploymentPostprocessing = 0;
		};
		5EA9195228341DB1007AAAB0 /* Frameworks */ = {
			isa = PBXFrameworksBuildPhase;
			buildActionMask = 2147483647;
			files = (
			);
			runOnlyForDeploymentPostprocessing = 0;
		};
		5EA9195C28341DB1007AAAB0 /* Frameworks */ = {
			isa = PBXFrameworksBuildPhase;
			buildActionMask = 2147483647;
			files = (
			);
			runOnlyForDeploymentPostprocessing = 0;
		};
/* End PBXFrameworksBuildPhase section */

/* Begin PBXGroup section */
		5EA9193C28341DAF007AAAB0 = {
			isa = PBXGroup;
			children = (
				5EA9194728341DAF007AAAB0 /* libraryApp */,
				5EA9195828341DB1007AAAB0 /* libraryAppTests */,
				5EA9196228341DB1007AAAB0 /* libraryAppUITests */,
				5EA9194628341DAF007AAAB0 /* Products */,
			);
			sourceTree = "<group>";
		};
		5EA9194628341DAF007AAAB0 /* Products */ = {
			isa = PBXGroup;
			children = (
				5EA9194528341DAF007AAAB0 /* libraryApp.app */,
				5EA9195528341DB1007AAAB0 /* libraryAppTests.xctest */,
				5EA9195F28341DB1007AAAB0 /* libraryAppUITests.xctest */,
			);
			name = Products;
			sourceTree = "<group>";
		};
		5EA9194728341DAF007AAAB0 /* libraryApp */ = {
			isa = PBXGroup;
			children = (
				5EA919772836ED1B007AAAB0 /* ViewModel */,
				5EA91972283429E0007AAAB0 /* View */,
				5EA9194828341DAF007AAAB0 /* libraryAppApp.swift */,
				5EA9194A28341DAF007AAAB0 /* ContentView.swift */,
				5EA9194C28341DB1007AAAB0 /* Assets.xcassets */,
				5EA9194E28341DB1007AAAB0 /* Preview Content */,
			);
			path = libraryApp;
			sourceTree = "<group>";
		};
		5EA9194E28341DB1007AAAB0 /* Preview Content */ = {
			isa = PBXGroup;
			children = (
				5EA9194F28341DB1007AAAB0 /* Preview Assets.xcassets */,
			);
			path = "Preview Content";
			sourceTree = "<group>";
		};
		5EA9195828341DB1007AAAB0 /* libraryAppTests */ = {
			isa = PBXGroup;
			children = (
				5EA9195928341DB1007AAAB0 /* libraryAppTests.swift */,
			);
			path = libraryAppTests;
			sourceTree = "<group>";
		};
		5EA9196228341DB1007AAAB0 /* libraryAppUITests */ = {
			isa = PBXGroup;
			children = (
				5EA9196328341DB1007AAAB0 /* libraryAppUITests.swift */,
				5EA9196528341DB1007AAAB0 /* libraryAppUITestsLaunchTests.swift */,
			);
			path = libraryAppUITests;
			sourceTree = "<group>";
		};
		5EA91972283429E0007AAAB0 /* View */ = {
			isa = PBXGroup;
			children = (
				5EA91973283429F8007AAAB0 /* HomeView.swift */,
				5EA919752836BD69007AAAB0 /* LoginView.swift */,
			);
			path = View;
			sourceTree = "<group>";
		};
		5EA919772836ED1B007AAAB0 /* ViewModel */ = {
			isa = PBXGroup;
			children = (
				5EA919782836ED33007AAAB0 /* LoginViewModel.swift */,
			);
			path = ViewModel;
			sourceTree = "<group>";
		};
/* End PBXGroup section */

/* Begin PBXNativeTarget section */
		5EA9194428341DAF007AAAB0 /* libraryApp */ = {
			isa = PBXNativeTarget;
			buildConfigurationList = 5EA9196928341DB1007AAAB0 /* Build configuration list for PBXNativeTarget "libraryApp" */;
			buildPhases = (
				5EA9194128341DAF007AAAB0 /* Sources */,
				5EA9194228341DAF007AAAB0 /* Frameworks */,
				5EA9194328341DAF007AAAB0 /* Resources */,
			);
			buildRules = (
			);
			dependencies = (
			);
			name = libraryApp;
			packageProductDependencies = (
				5EA9197B2836F389007AAAB0 /* FirebaseAuth */,
				5EA9197D2836F389007AAAB0 /* FirebaseDatabase */,
				5EA9197F2836F389007AAAB0 /* FirebaseFirestore */,
				5EA919812836F389007AAAB0 /* FirebaseFirestoreSwift */,
			);
			productName = libraryApp;
			productReference = 5EA9194528341DAF007AAAB0 /* libraryApp.app */;
			productType = "com.apple.product-type.application";
		};
		5EA9195428341DB1007AAAB0 /* libraryAppTests */ = {
			isa = PBXNativeTarget;
			buildConfigurationList = 5EA9196C28341DB1007AAAB0 /* Build configuration list for PBXNativeTarget "libraryAppTests" */;
			buildPhases = (
				5EA9195128341DB1007AAAB0 /* Sources */,
				5EA9195228341DB1007AAAB0 /* Frameworks */,
				5EA9195328341DB1007AAAB0 /* Resources */,
			);
			buildRules = (
			);
			dependencies = (
				5EA9195728341DB1007AAAB0 /* PBXTargetDependency */,
			);
			name = libraryAppTests;
			productName = libraryAppTests;
			productReference = 5EA9195528341DB1007AAAB0 /* libraryAppTests.xctest */;
			productType = "com.apple.product-type.bundle.unit-test";
		};
		5EA9195E28341DB1007AAAB0 /* libraryAppUITests */ = {
			isa = PBXNativeTarget;
			buildConfigurationList = 5EA9196F28341DB1007AAAB0 /* Build configuration list for PBXNativeTarget "libraryAppUITests" */;
			buildPhases = (
				5EA9195B28341DB1007AAAB0 /* Sources */,
				5EA9195C28341DB1007AAAB0 /* Frameworks */,
				5EA9195D28341DB1007AAAB0 /* Resources */,
			);
			buildRules = (
			);
			dependencies = (
				5EA9196128341DB1007AAAB0 /* PBXTargetDependency */,
			);
			name = libraryAppUITests;
			productName = libraryAppUITests;
			productReference = 5EA9195F28341DB1007AAAB0 /* libraryAppUITests.xctest */;
			productType = "com.apple.product-type.bundle.ui-testing";
		};
/* End PBXNativeTarget section */

/* Begin PBXProject section */
		5EA9193D28341DAF007AAAB0 /* Project object */ = {
			isa = PBXProject;
			attributes = {
				BuildIndependentTargetsInParallel = 1;
				LastSwiftUpdateCheck = 1320;
				LastUpgradeCheck = 1320;
				TargetAttributes = {
					5EA9194428341DAF007AAAB0 = {
						CreatedOnToolsVersion = 13.2.1;
					};
					5EA9195428341DB1007AAAB0 = {
						CreatedOnToolsVersion = 13.2.1;
						TestTargetID = 5EA9194428341DAF007AAAB0;
					};
					5EA9195E28341DB1007AAAB0 = {
						CreatedOnToolsVersion = 13.2.1;
						TestTargetID = 5EA9194428341DAF007AAAB0;
					};
				};
			};
			buildConfigurationList = 5EA9194028341DAF007AAAB0 /* Build configuration list for PBXProject "libraryApp" */;
			compatibilityVersion = "Xcode 13.0";
			developmentRegion = en;
			hasScannedForEncodings = 0;
			knownRegions = (
				en,
				Base,
			);
			mainGroup = 5EA9193C28341DAF007AAAB0;
			packageReferences = (
				5EA9197A2836F389007AAAB0 /* XCRemoteSwiftPackageReference "firebase-ios-sdk" */,
			);
			productRefGroup = 5EA9194628341DAF007AAAB0 /* Products */;
			projectDirPath = "";
			projectRoot = "";
			targets = (
				5EA9194428341DAF007AAAB0 /* libraryApp */,
				5EA9195428341DB1007AAAB0 /* libraryAppTests */,
				5EA9195E28341DB1007AAAB0 /* libraryAppUITests */,
			);
		};
/* End PBXProject section */

/* Begin PBXResourcesBuildPhase section */
		5EA9194328341DAF007AAAB0 /* Resources */ = {
			isa = PBXResourcesBuildPhase;
			buildActionMask = 2147483647;
			files = (
				5EA9195028341DB1007AAAB0 /* Preview Assets.xcassets in Resources */,
				5EA9194D28341DB1007AAAB0 /* Assets.xcassets in Resources */,
			);
			runOnlyForDeploymentPostprocessing = 0;
		};
		5EA9195328341DB1007AAAB0 /* Resources */ = {
			isa = PBXResourcesBuildPhase;
			buildActionMask = 2147483647;
			files = (
			);
			runOnlyForDeploymentPostprocessing = 0;
		};
		5EA9195D28341DB1007AAAB0 /* Resources */ = {
			isa = PBXResourcesBuildPhase;
			buildActionMask = 2147483647;
			files = (
			);
			runOnlyForDeploymentPostprocessing = 0;
		};
/* End PBXResourcesBuildPhase section */

/* Begin PBXSourcesBuildPhase section */
		5EA9194128341DAF007AAAB0 /* Sources */ = {
			isa = PBXSourcesBuildPhase;
			buildActionMask = 2147483647;
			files = (
				5EA91974283429F8007AAAB0 /* HomeView.swift in Sources */,
				5EA9194B28341DAF007AAAB0 /* ContentView.swift in Sources */,
				5EA919762836BD69007AAAB0 /* LoginView.swift in Sources */,
				5EA919792836ED33007AAAB0 /* LoginViewModel.swift in Sources */,
				5EA9194928341DAF007AAAB0 /* libraryAppApp.swift in Sources */,
			);
			runOnlyForDeploymentPostprocessing = 0;
		};
		5EA9195128341DB1007AAAB0 /* Sources */ = {
			isa = PBXSourcesBuildPhase;
			buildActionMask = 2147483647;
			files = (
				5EA9195A28341DB1007AAAB0 /* libraryAppTests.swift in Sources */,
			);
			runOnlyForDeploymentPostprocessing = 0;
		};
		5EA9195B28341DB1007AAAB0 /* Sources */ = {
			isa = PBXSourcesBuildPhase;
			buildActionMask = 2147483647;
			files = (
				5EA9196628341DB1007AAAB0 /* libraryAppUITestsLaunchTests.swift in Sources */,
				5EA9196428341DB1007AAAB0 /* libraryAppUITests.swift in Sources */,
			);
			runOnlyForDeploymentPostprocessing = 0;
		};
/* End PBXSourcesBuildPhase section */

/* Begin PBXTargetDependency section */
		5EA9195728341DB1007AAAB0 /* PBXTargetDependency */ = {
			isa = PBXTargetDependency;
			target = 5EA9194428341DAF007AAAB0 /* libraryApp */;
			targetProxy = 5EA9195628341DB1007AAAB0 /* PBXContainerItemProxy */;
		};
		5EA9196128341DB1007AAAB0 /* PBXTargetDependency */ = {
			isa = PBXTargetDependency;
			target = 5EA9194428341DAF007AAAB0 /* libraryApp */;
			targetProxy = 5EA9196028341DB1007AAAB0 /* PBXContainerItemProxy */;
		};
/* End PBXTargetDependency section */

/* Begin XCBuildConfiguration section */
		5EA9196728341DB1007AAAB0 /* Debug */ = {
			isa = XCBuildConfiguration;
			buildSettings = {
				ALWAYS_SEARCH_USER_PATHS = NO;
				CLANG_ANALYZER_NONNULL = YES;
				CLANG_ANALYZER_NUMBER_OBJECT_CONVERSION = YES_AGGRESSIVE;
				CLANG_CXX_LANGUAGE_STANDARD = "gnu++17";
				CLANG_CXX_LIBRARY = "libc++";
				CLANG_ENABLE_MODULES = YES;
				CLANG_ENABLE_OBJC_ARC = YES;
				CLANG_ENABLE_OBJC_WEAK = YES;
				CLANG_WARN_BLOCK_CAPTURE_AUTORELEASING = YES;
				CLANG_WARN_BOOL_CONVERSION = YES;
				CLANG_WARN_COMMA = YES;
				CLANG_WARN_CONSTANT_CONVERSION = YES;
				CLANG_WARN_DEPRECATED_OBJC_IMPLEMENTATIONS = YES;
				CLANG_WARN_DIRECT_OBJC_ISA_USAGE = YES_ERROR;
				CLANG_WARN_DOCUMENTATION_COMMENTS = YES;
				CLANG_WARN_EMPTY_BODY = YES;
				CLANG_WARN_ENUM_CONVERSION = YES;
				CLANG_WARN_INFINITE_RECURSION = YES;
				CLANG_WARN_INT_CONVERSION = YES;
				CLANG_WARN_NON_LITERAL_NULL_CONVERSION = YES;
				CLANG_WARN_OBJC_IMPLICIT_RETAIN_SELF = YES;
				CLANG_WARN_OBJC_LITERAL_CONVERSION = YES;
				CLANG_WARN_OBJC_ROOT_CLASS = YES_ERROR;
				CLANG_WARN_QUOTED_INCLUDE_IN_FRAMEWORK_HEADER = YES;
				CLANG_WARN_RANGE_LOOP_ANALYSIS = YES;
				CLANG_WARN_STRICT_PROTOTYPES = YES;
				CLANG_WARN_SUSPICIOUS_MOVE = YES;
				CLANG_WARN_UNGUARDED_AVAILABILITY = YES_AGGRESSIVE;
				CLANG_WARN_UNREACHABLE_CODE = YES;
				CLANG_WARN__DUPLICATE_METHOD_MATCH = YES;
				COPY_PHASE_STRIP = NO;
				DEBUG_INFORMATION_FORMAT = dwarf;
				ENABLE_STRICT_OBJC_MSGSEND = YES;
				ENABLE_TESTABILITY = YES;
				GCC_C_LANGUAGE_STANDARD = gnu11;
				GCC_DYNAMIC_NO_PIC = NO;
				GCC_NO_COMMON_BLOCKS = YES;
				GCC_OPTIMIZATION_LEVEL = 0;
				GCC_PREPROCESSOR_DEFINITIONS = (
					"DEBUG=1",
					"$(inherited)",
				);
				GCC_WARN_64_TO_32_BIT_CONVERSION = YES;
				GCC_WARN_ABOUT_RETURN_TYPE = YES_ERROR;
				GCC_WARN_UNDECLARED_SELECTOR = YES;
				GCC_WARN_UNINITIALIZED_AUTOS = YES_AGGRESSIVE;
				GCC_WARN_UNUSED_FUNCTION = YES;
				GCC_WARN_UNUSED_VARIABLE = YES;
				IPHONEOS_DEPLOYMENT_TARGET = 15.2;
				MTL_ENABLE_DEBUG_INFO = INCLUDE_SOURCE;
				MTL_FAST_MATH = YES;
				ONLY_ACTIVE_ARCH = YES;
				SDKROOT = iphoneos;
				SWIFT_ACTIVE_COMPILATION_CONDITIONS = DEBUG;
				SWIFT_OPTIMIZATION_LEVEL = "-Onone";
			};
			name = Debug;
		};
		5EA9196828341DB1007AAAB0 /* Release */ = {
			isa = XCBuildConfiguration;
			buildSettings = {
				ALWAYS_SEARCH_USER_PATHS = NO;
				CLANG_ANALYZER_NONNULL = YES;
				CLANG_ANALYZER_NUMBER_OBJECT_CONVERSION = YES_AGGRESSIVE;
				CLANG_CXX_LANGUAGE_STANDARD = "gnu++17";
				CLANG_CXX_LIBRARY = "libc++";
				CLANG_ENABLE_MODULES = YES;
				CLANG_ENABLE_OBJC_ARC = YES;
				CLANG_ENABLE_OBJC_WEAK = YES;
				CLANG_WARN_BLOCK_CAPTURE_AUTORELEASING = YES;
				CLANG_WARN_BOOL_CONVERSION = YES;
				CLANG_WARN_COMMA = YES;
				CLANG_WARN_CONSTANT_CONVERSION = YES;
				CLANG_WARN_DEPRECATED_OBJC_IMPLEMENTATIONS = YES;
				CLANG_WARN_DIRECT_OBJC_ISA_USAGE = YES_ERROR;
				CLANG_WARN_DOCUMENTATION_COMMENTS = YES;
				CLANG_WARN_EMPTY_BODY = YES;
				CLANG_WARN_ENUM_CONVERSION = YES;
				CLANG_WARN_INFINITE_RECURSION = YES;
				CLANG_WARN_INT_CONVERSION = YES;
				CLANG_WARN_NON_LITERAL_NULL_CONVERSION = YES;
				CLANG_WARN_OBJC_IMPLICIT_RETAIN_SELF = YES;
				CLANG_WARN_OBJC_LITERAL_CONVERSION = YES;
				CLANG_WARN_OBJC_ROOT_CLASS = YES_ERROR;
				CLANG_WARN_QUOTED_INCLUDE_IN_FRAMEWORK_HEADER = YES;
				CLANG_WARN_RANGE_LOOP_ANALYSIS = YES;
				CLANG_WARN_STRICT_PROTOTYPES = YES;
				CLANG_WARN_SUSPICIOUS_MOVE = YES;
				CLANG_WARN_UNGUARDED_AVAILABILITY = YES_AGGRESSIVE;
				CLANG_WARN_UNREACHABLE_CODE = YES;
				CLANG_WARN__DUPLICATE_METHOD_MATCH = YES;
				COPY_PHASE_STRIP = NO;
				DEBUG_INFORMATION_FORMAT = "dwarf-with-dsym";
				ENABLE_NS_ASSERTIONS = NO;
				ENABLE_STRICT_OBJC_MSGSEND = YES;
				GCC_C_LANGUAGE_STANDARD = gnu11;
				GCC_NO_COMMON_BLOCKS = YES;
				GCC_WARN_64_TO_32_BIT_CONVERSION = YES;
				GCC_WARN_ABOUT_RETURN_TYPE = YES_ERROR;
				GCC_WARN_UNDECLARED_SELECTOR = YES;
				GCC_WARN_UNINITIALIZED_AUTOS = YES_AGGRESSIVE;
				GCC_WARN_UNUSED_FUNCTION = YES;
				GCC_WARN_UNUSED_VARIABLE = YES;
				IPHONEOS_DEPLOYMENT_TARGET = 15.2;
				MTL_ENABLE_DEBUG_INFO = NO;
				MTL_FAST_MATH = YES;
				SDKROOT = iphoneos;
				SWIFT_COMPILATION_MODE = wholemodule;
				SWIFT_OPTIMIZATION_LEVEL = "-O";
				VALIDATE_PRODUCT = YES;
			};
			name = Release;
		};
		5EA9196A28341DB1007AAAB0 /* Debug */ = {
			isa = XCBuildConfiguration;
			buildSettings = {
				ASSETCATALOG_COMPILER_APPICON_NAME = AppIcon;
				ASSETCATALOG_COMPILER_GLOBAL_ACCENT_COLOR_NAME = AccentColor;
				CODE_SIGN_STYLE = Automatic;
				CURRENT_PROJECT_VERSION = 1;
				DEVELOPMENT_ASSET_PATHS = "\"libraryApp/Preview Content\"";
				DEVELOPMENT_TEAM = 7HUC4265N2;
				ENABLE_PREVIEWS = YES;
				GENERATE_INFOPLIST_FILE = YES;
				INFOPLIST_KEY_UIApplicationSceneManifest_Generation = YES;
				INFOPLIST_KEY_UIApplicationSupportsIndirectInputEvents = YES;
				INFOPLIST_KEY_UILaunchScreen_Generation = YES;
				INFOPLIST_KEY_UISupportedInterfaceOrientations_iPad = "UIInterfaceOrientationPortrait UIInterfaceOrientationPortraitUpsideDown UIInterfaceOrientationLandscapeLeft UIInterfaceOrientationLandscapeRight";
				INFOPLIST_KEY_UISupportedInterfaceOrientations_iPhone = "UIInterfaceOrientationPortrait UIInterfaceOrientationLandscapeLeft UIInterfaceOrientationLandscapeRight";
				LD_RUNPATH_SEARCH_PATHS = (
					"$(inherited)",
					"@executable_path/Frameworks",
				);
				MARKETING_VERSION = 1.0;
				PRODUCT_BUNDLE_IDENTIFIER = "com.Patryk-Jastrzebski.libraryApp";
				PRODUCT_NAME = "$(TARGET_NAME)";
				SWIFT_EMIT_LOC_STRINGS = YES;
				SWIFT_VERSION = 5.0;
				TARGETED_DEVICE_FAMILY = "1,2";
			};
			name = Debug;
		};
		5EA9196B28341DB1007AAAB0 /* Release */ = {
			isa = XCBuildConfiguration;
			buildSettings = {
				ASSETCATALOG_COMPILER_APPICON_NAME = AppIcon;
				ASSETCATALOG_COMPILER_GLOBAL_ACCENT_COLOR_NAME = AccentColor;
				CODE_SIGN_STYLE = Automatic;
				CURRENT_PROJECT_VERSION = 1;
				DEVELOPMENT_ASSET_PATHS = "\"libraryApp/Preview Content\"";
				DEVELOPMENT_TEAM = 7HUC4265N2;
				ENABLE_PREVIEWS = YES;
				GENERATE_INFOPLIST_FILE = YES;
				INFOPLIST_KEY_UIApplicationSceneManifest_Generation = YES;
				INFOPLIST_KEY_UIApplicationSupportsIndirectInputEvents = YES;
				INFOPLIST_KEY_UILaunchScreen_Generation = YES;
				INFOPLIST_KEY_UISupportedInterfaceOrientations_iPad = "UIInterfaceOrientationPortrait UIInterfaceOrientationPortraitUpsideDown UIInterfaceOrientationLandscapeLeft UIInterfaceOrientationLandscapeRight";
				INFOPLIST_KEY_UISupportedInterfaceOrientations_iPhone = "UIInterfaceOrientationPortrait UIInterfaceOrientationLandscapeLeft UIInterfaceOrientationLandscapeRight";
				LD_RUNPATH_SEARCH_PATHS = (
					"$(inherited)",
					"@executable_path/Frameworks",
				);
				MARKETING_VERSION = 1.0;
				PRODUCT_BUNDLE_IDENTIFIER = "com.Patryk-Jastrzebski.libraryApp";
				PRODUCT_NAME = "$(TARGET_NAME)";
				SWIFT_EMIT_LOC_STRINGS = YES;
				SWIFT_VERSION = 5.0;
				TARGETED_DEVICE_FAMILY = "1,2";
			};
			name = Release;
		};
		5EA9196D28341DB1007AAAB0 /* Debug */ = {
			isa = XCBuildConfiguration;
			buildSettings = {
				ALWAYS_EMBED_SWIFT_STANDARD_LIBRARIES = YES;
				BUNDLE_LOADER = "$(TEST_HOST)";
				CODE_SIGN_STYLE = Automatic;
				CURRENT_PROJECT_VERSION = 1;
				DEVELOPMENT_TEAM = 7HUC4265N2;
				GENERATE_INFOPLIST_FILE = YES;
				IPHONEOS_DEPLOYMENT_TARGET = 15.2;
				MARKETING_VERSION = 1.0;
				PRODUCT_BUNDLE_IDENTIFIER = "Patryk-Jastrzebski.libraryAppTests";
				PRODUCT_NAME = "$(TARGET_NAME)";
				SWIFT_EMIT_LOC_STRINGS = NO;
				SWIFT_VERSION = 5.0;
				TARGETED_DEVICE_FAMILY = "1,2";
				TEST_HOST = "$(BUILT_PRODUCTS_DIR)/libraryApp.app/libraryApp";
			};
			name = Debug;
		};
		5EA9196E28341DB1007AAAB0 /* Release */ = {
			isa = XCBuildConfiguration;
			buildSettings = {
				ALWAYS_EMBED_SWIFT_STANDARD_LIBRARIES = YES;
				BUNDLE_LOADER = "$(TEST_HOST)";
				CODE_SIGN_STYLE = Automatic;
				CURRENT_PROJECT_VERSION = 1;
				DEVELOPMENT_TEAM = 7HUC4265N2;
				GENERATE_INFOPLIST_FILE = YES;
				IPHONEOS_DEPLOYMENT_TARGET = 15.2;
				MARKETING_VERSION = 1.0;
				PRODUCT_BUNDLE_IDENTIFIER = "Patryk-Jastrzebski.libraryAppTests";
				PRODUCT_NAME = "$(TARGET_NAME)";
				SWIFT_EMIT_LOC_STRINGS = NO;
				SWIFT_VERSION = 5.0;
				TARGETED_DEVICE_FAMILY = "1,2";
				TEST_HOST = "$(BUILT_PRODUCTS_DIR)/libraryApp.app/libraryApp";
			};
			name = Release;
		};
		5EA9197028341DB1007AAAB0 /* Debug */ = {
			isa = XCBuildConfiguration;
			buildSettings = {
				ALWAYS_EMBED_SWIFT_STANDARD_LIBRARIES = YES;
				CODE_SIGN_STYLE = Automatic;
				CURRENT_PROJECT_VERSION = 1;
				DEVELOPMENT_TEAM = 7HUC4265N2;
				GENERATE_INFOPLIST_FILE = YES;
				MARKETING_VERSION = 1.0;
				PRODUCT_BUNDLE_IDENTIFIER = "Patryk-Jastrzebski.libraryAppUITests";
				PRODUCT_NAME = "$(TARGET_NAME)";
				SWIFT_EMIT_LOC_STRINGS = NO;
				SWIFT_VERSION = 5.0;
				TARGETED_DEVICE_FAMILY = "1,2";
				TEST_TARGET_NAME = libraryApp;
			};
			name = Debug;
		};
		5EA9197128341DB1007AAAB0 /* Release */ = {
			isa = XCBuildConfiguration;
			buildSettings = {
				ALWAYS_EMBED_SWIFT_STANDARD_LIBRARIES = YES;
				CODE_SIGN_STYLE = Automatic;
				CURRENT_PROJECT_VERSION = 1;
				DEVELOPMENT_TEAM = 7HUC4265N2;
				GENERATE_INFOPLIST_FILE = YES;
				MARKETING_VERSION = 1.0;
				PRODUCT_BUNDLE_IDENTIFIER = "Patryk-Jastrzebski.libraryAppUITests";
				PRODUCT_NAME = "$(TARGET_NAME)";
				SWIFT_EMIT_LOC_STRINGS = NO;
				SWIFT_VERSION = 5.0;
				TARGETED_DEVICE_FAMILY = "1,2";
				TEST_TARGET_NAME = libraryApp;
			};
			name = Release;
		};
/* End XCBuildConfiguration section */

/* Begin XCConfigurationList section */
		5EA9194028341DAF007AAAB0 /* Build configuration list for PBXProject "libraryApp" */ = {
			isa = XCConfigurationList;
			buildConfigurations = (
				5EA9196728341DB1007AAAB0 /* Debug */,
				5EA9196828341DB1007AAAB0 /* Release */,
			);
			defaultConfigurationIsVisible = 0;
			defaultConfigurationName = Release;
		};
		5EA9196928341DB1007AAAB0 /* Build configuration list for PBXNativeTarget "libraryApp" */ = {
			isa = XCConfigurationList;
			buildConfigurations = (
				5EA9196A28341DB1007AAAB0 /* Debug */,
				5EA9196B28341DB1007AAAB0 /* Release */,
			);
			defaultConfigurationIsVisible = 0;
			defaultConfigurationName = Release;
		};
		5EA9196C28341DB1007AAAB0 /* Build configuration list for PBXNativeTarget "libraryAppTests" */ = {
			isa = XCConfigurationList;
			buildConfigurations = (
				5EA9196D28341DB1007AAAB0 /* Debug */,
				5EA9196E28341DB1007AAAB0 /* Release */,
			);
			defaultConfigurationIsVisible = 0;
			defaultConfigurationName = Release;
		};
		5EA9196F28341DB1007AAAB0 /* Build configuration list for PBXNativeTarget "libraryAppUITests" */ = {
			isa = XCConfigurationList;
			buildConfigurations = (
				5EA9197028341DB1007AAAB0 /* Debug */,
				5EA9197128341DB1007AAAB0 /* Release */,
			);
			defaultConfigurationIsVisible = 0;
			defaultConfigurationName = Release;
		};
/* End XCConfigurationList section */

/* Begin XCRemoteSwiftPackageReference section */
		5EA9197A2836F389007AAAB0 /* XCRemoteSwiftPackageReference "firebase-ios-sdk" */ = {
			isa = XCRemoteSwiftPackageReference;
			repositoryURL = "https://github.com/firebase/firebase-ios-sdk";
			requirement = {
				kind = upToNextMajorVersion;
				minimumVersion = 9.0.0;
			};
		};
/* End XCRemoteSwiftPackageReference section */

/* Begin XCSwiftPackageProductDependency section */
		5EA9197B2836F389007AAAB0 /* FirebaseAuth */ = {
			isa = XCSwiftPackageProductDependency;
			package = 5EA9197A2836F389007AAAB0 /* XCRemoteSwiftPackageReference "firebase-ios-sdk" */;
			productName = FirebaseAuth;
		};
		5EA9197D2836F389007AAAB0 /* FirebaseDatabase */ = {
			isa = XCSwiftPackageProductDependency;
			package = 5EA9197A2836F389007AAAB0 /* XCRemoteSwiftPackageReference "firebase-ios-sdk" */;
			productName = FirebaseDatabase;
		};
		5EA9197F2836F389007AAAB0 /* FirebaseFirestore */ = {
			isa = XCSwiftPackageProductDependency;
			package = 5EA9197A2836F389007AAAB0 /* XCRemoteSwiftPackageReference "firebase-ios-sdk" */;
			productName = FirebaseFirestore;
		};
		5EA919812836F389007AAAB0 /* FirebaseFirestoreSwift */ = {
			isa = XCSwiftPackageProductDependency;
			package = 5EA9197A2836F389007AAAB0 /* XCRemoteSwiftPackageReference "firebase-ios-sdk" */;
			productName = FirebaseFirestoreSwift;
		};
/* End XCSwiftPackageProductDependency section */
	};
	rootObject = 5EA9193D28341DAF007AAAB0 /* Project object */;
}
